
Microsoft Visual Studio Solution File, Format Version 12.00
# Visual Studio Version 16
VisualStudioVersion = 16.0.29215.179
MinimumVisualStudioVersion = 10.0.40219.1
Project("{FAE04EC0-301F-11D3-BF4B-00C04F79EFBC}") = "PhysModelDeveloperGUI", "PhysModelDeveloperGUI\PhysModelDeveloperGUI.csproj", "{C66BA8CD-CF55-4168-8394-B801CE018F5E}"
EndProject
Global
	GlobalSection(SolutionConfigurationPlatforms) = preSolution
		Debug|Any CPU = Debug|Any CPU
		Debug|x64 = Debug|x64
		Release|Any CPU = Release|Any CPU
		Release|x64 = Release|x64
	EndGlobalSection
	GlobalSection(ProjectConfigurationPlatforms) = postSolution
		{C66BA8CD-CF55-4168-8394-B801CE018F5E}.Debug|Any CPU.ActiveCfg = Debug|Any CPU
		{C66BA8CD-CF55-4168-8394-B801CE018F5E}.Debug|Any CPU.Build.0 = Debug|Any CPU
		{C66BA8CD-CF55-4168-8394-B801CE018F5E}.Debug|x64.ActiveCfg = Debug|x64
		{C66BA8CD-CF55-4168-8394-B801CE018F5E}.Debug|x64.Build.0 = Debug|x64
		{C66BA8CD-CF55-4168-8394-B801CE018F5E}.Release|Any CPU.ActiveCfg = Release|Any CPU
		{C66BA8CD-CF55-4168-8394-B801CE018F5E}.Release|Any CPU.Build.0 = Release|Any CPU
		{C66BA8CD-CF55-4168-8394-B801CE018F5E}.Release|x64.ActiveCfg = Release|x64
		{C66BA8CD-CF55-4168-8394-B801CE018F5E}.Release|x64.Build.0 = Release|x64
	EndGlobalSection
	GlobalSection(SolutionProperties) = preSolution
		HideSolutionNode = FALSE
	EndGlobalSection
	GlobalSection(ExtensibilityGlobals) = postSolution
		SolutionGuid = {21EF2A99-B37D-41E3-88A2-EAE474C7708C}
	EndGlobalSection
EndGlobal
